// !$*UTF8*$!
{
	archiveVersion = 1;
	classes = {
	};
	objectVersion = 52;
	objects = {

/* Begin PBXBuildFile section */
		F617050426BF6C2F00E1EB8B /* SessionStore.swift in Sources */ = {isa = PBXBuildFile; fileRef = F617050326BF6C2F00E1EB8B /* SessionStore.swift */; };
		F617050626BF71DD00E1EB8B /* HomeView.swift in Sources */ = {isa = PBXBuildFile; fileRef = F617050526BF71DD00E1EB8B /* HomeView.swift */; };
		F617050826BF81D900E1EB8B /* Search.swift in Sources */ = {isa = PBXBuildFile; fileRef = F617050726BF81D900E1EB8B /* Search.swift */; };
		F617050A26BF81FC00E1EB8B /* Post.swift in Sources */ = {isa = PBXBuildFile; fileRef = F617050926BF81FC00E1EB8B /* Post.swift */; };
		F617050C26BF822D00E1EB8B /* Notifications.swift in Sources */ = {isa = PBXBuildFile; fileRef = F617050B26BF822D00E1EB8B /* Notifications.swift */; };
		F617050E26BF824800E1EB8B /* Profile.swift in Sources */ = {isa = PBXBuildFile; fileRef = F617050D26BF824800E1EB8B /* Profile.swift */; };
		F617051026BF826700E1EB8B /* Main.swift in Sources */ = {isa = PBXBuildFile; fileRef = F617050F26BF826700E1EB8B /* Main.swift */; };
		F6446F4126BE6E4B00EDCAC7 /* CloneiOSAppApp.swift in Sources */ = {isa = PBXBuildFile; fileRef = F6446F4026BE6E4B00EDCAC7 /* CloneiOSAppApp.swift */; };
		F6446F4326BE6E4B00EDCAC7 /* ContentView.swift in Sources */ = {isa = PBXBuildFile; fileRef = F6446F4226BE6E4B00EDCAC7 /* ContentView.swift */; };
		F6446F4526BE6E4B00EDCAC7 /* Assets.xcassets in Resources */ = {isa = PBXBuildFile; fileRef = F6446F4426BE6E4B00EDCAC7 /* Assets.xcassets */; };
		F6446F4826BE6E4B00EDCAC7 /* Preview Assets.xcassets in Resources */ = {isa = PBXBuildFile; fileRef = F6446F4726BE6E4B00EDCAC7 /* Preview Assets.xcassets */; };
		F6446F5126BE6E6F00EDCAC7 /* ImagePicker.swift in Sources */ = {isa = PBXBuildFile; fileRef = F6446F5026BE6E6F00EDCAC7 /* ImagePicker.swift */; };
		F6446F5426BE6E9800EDCAC7 /* SignInView.swift in Sources */ = {isa = PBXBuildFile; fileRef = F6446F5326BE6E9800EDCAC7 /* SignInView.swift */; };
		F6446F5626BE6EB700EDCAC7 /* SignUp_View.swift in Sources */ = {isa = PBXBuildFile; fileRef = F6446F5526BE6EB700EDCAC7 /* SignUp_View.swift */; };
		F6446F5926BE6F3F00EDCAC7 /* FormField.swift in Sources */ = {isa = PBXBuildFile; fileRef = F6446F5826BE6F3F00EDCAC7 /* FormField.swift */; };
		F6446F5B26BE6F5E00EDCAC7 /* ButtonModifiers.swift in Sources */ = {isa = PBXBuildFile; fileRef = F6446F5A26BE6F5E00EDCAC7 /* ButtonModifiers.swift */; };
		F6446F5D26BE70E700EDCAC7 /* GoogleService-Info.plist in Resources */ = {isa = PBXBuildFile; fileRef = F6446F5C26BE70E700EDCAC7 /* GoogleService-Info.plist */; };
		F6446F6026BE719300EDCAC7 /* FirebaseStorage in Frameworks */ = {isa = PBXBuildFile; productRef = F6446F5F26BE719300EDCAC7 /* FirebaseStorage */; };
		F6446F6226BE719300EDCAC7 /* FirebaseAuth in Frameworks */ = {isa = PBXBuildFile; productRef = F6446F6126BE719300EDCAC7 /* FirebaseAuth */; };
		F6446F6426BE719300EDCAC7 /* FirebaseFirestore in Frameworks */ = {isa = PBXBuildFile; productRef = F6446F6326BE719300EDCAC7 /* FirebaseFirestore */; };
		F6446F6626BE719300EDCAC7 /* FirebaseDatabase in Frameworks */ = {isa = PBXBuildFile; productRef = F6446F6526BE719300EDCAC7 /* FirebaseDatabase */; };
		F6446F6926BE741B00EDCAC7 /* UserModel.swift in Sources */ = {isa = PBXBuildFile; fileRef = F6446F6826BE741B00EDCAC7 /* UserModel.swift */; };
		F6446F6B26BE849600EDCAC7 /* Extensions.swift in Sources */ = {isa = PBXBuildFile; fileRef = F6446F6A26BE849600EDCAC7 /* Extensions.swift */; };
		F6446F6E26BE881B00EDCAC7 /* AuthService.swift in Sources */ = {isa = PBXBuildFile; fileRef = F6446F6D26BE881B00EDCAC7 /* AuthService.swift */; };
		F6446F7026BE883800EDCAC7 /* StorageService.swift in Sources */ = {isa = PBXBuildFile; fileRef = F6446F6F26BE883800EDCAC7 /* StorageService.swift */; };
		F6F291A126C7760800E0E081 /* PostModel.swift in Sources */ = {isa = PBXBuildFile; fileRef = F6F291A026C7760800E0E081 /* PostModel.swift */; };
		F6F291A326C7787A00E0E081 /* PostService.swift in Sources */ = {isa = PBXBuildFile; fileRef = F6F291A226C7787A00E0E081 /* PostService.swift */; };
		F6F51B2C26C7DADA007AC804 /* SDWebImageSwiftUI in Frameworks */ = {isa = PBXBuildFile; productRef = F6F51B2B26C7DADA007AC804 /* SDWebImageSwiftUI */; };
		F6F51B2E26C7DAEF007AC804 /* ProfileHeader.swift in Sources */ = {isa = PBXBuildFile; fileRef = F6F51B2D26C7DAEF007AC804 /* ProfileHeader.swift */; };
		F6F51B3026C7E8FD007AC804 /* PostCardService.swift in Sources */ = {isa = PBXBuildFile; fileRef = F6F51B2F26C7E8FD007AC804 /* PostCardService.swift */; };
		F6F51B3226C7ED26007AC804 /* ProfileService.swift in Sources */ = {isa = PBXBuildFile; fileRef = F6F51B3126C7ED26007AC804 /* ProfileService.swift */; };
/* End PBXBuildFile section */

/* Begin PBXFileReference section */
		F617050326BF6C2F00E1EB8B /* SessionStore.swift */ = {isa = PBXFileReference; lastKnownFileType = sourcecode.swift; path = SessionStore.swift; sourceTree = "<group>"; };
		F617050526BF71DD00E1EB8B /* HomeView.swift */ = {isa = PBXFileReference; lastKnownFileType = sourcecode.swift; path = HomeView.swift; sourceTree = "<group>"; };
		F617050726BF81D900E1EB8B /* Search.swift */ = {isa = PBXFileReference; lastKnownFileType = sourcecode.swift; path = Search.swift; sourceTree = "<group>"; };
		F617050926BF81FC00E1EB8B /* Post.swift */ = {isa = PBXFileReference; lastKnownFileType = sourcecode.swift; path = Post.swift; sourceTree = "<group>"; };
		F617050B26BF822D00E1EB8B /* Notifications.swift */ = {isa = PBXFileReference; lastKnownFileType = sourcecode.swift; path = Notifications.swift; sourceTree = "<group>"; };
		F617050D26BF824800E1EB8B /* Profile.swift */ = {isa = PBXFileReference; lastKnownFileType = sourcecode.swift; path = Profile.swift; sourceTree = "<group>"; };
		F617050F26BF826700E1EB8B /* Main.swift */ = {isa = PBXFileReference; lastKnownFileType = sourcecode.swift; path = Main.swift; sourceTree = "<group>"; };
		F6446F3D26BE6E4B00EDCAC7 /* CloneiOSApp.app */ = {isa = PBXFileReference; explicitFileType = wrapper.application; includeInIndex = 0; path = CloneiOSApp.app; sourceTree = BUILT_PRODUCTS_DIR; };
		F6446F4026BE6E4B00EDCAC7 /* CloneiOSAppApp.swift */ = {isa = PBXFileReference; lastKnownFileType = sourcecode.swift; path = CloneiOSAppApp.swift; sourceTree = "<group>"; };
		F6446F4226BE6E4B00EDCAC7 /* ContentView.swift */ = {isa = PBXFileReference; lastKnownFileType = sourcecode.swift; path = ContentView.swift; sourceTree = "<group>"; };
		F6446F4426BE6E4B00EDCAC7 /* Assets.xcassets */ = {isa = PBXFileReference; lastKnownFileType = folder.assetcatalog; path = Assets.xcassets; sourceTree = "<group>"; };
		F6446F4726BE6E4B00EDCAC7 /* Preview Assets.xcassets */ = {isa = PBXFileReference; lastKnownFileType = folder.assetcatalog; path = "Preview Assets.xcassets"; sourceTree = "<group>"; };
		F6446F4926BE6E4B00EDCAC7 /* Info.plist */ = {isa = PBXFileReference; lastKnownFileType = text.plist.xml; path = Info.plist; sourceTree = "<group>"; };
		F6446F5026BE6E6F00EDCAC7 /* ImagePicker.swift */ = {isa = PBXFileReference; lastKnownFileType = sourcecode.swift; path = ImagePicker.swift; sourceTree = "<group>"; };
		F6446F5326BE6E9800EDCAC7 /* SignInView.swift */ = {isa = PBXFileReference; lastKnownFileType = sourcecode.swift; path = SignInView.swift; sourceTree = "<group>"; };
		F6446F5526BE6EB700EDCAC7 /* SignUp_View.swift */ = {isa = PBXFileReference; lastKnownFileType = sourcecode.swift; path = SignUp_View.swift; sourceTree = "<group>"; };
		F6446F5826BE6F3F00EDCAC7 /* FormField.swift */ = {isa = PBXFileReference; lastKnownFileType = sourcecode.swift; path = FormField.swift; sourceTree = "<group>"; };
		F6446F5A26BE6F5E00EDCAC7 /* ButtonModifiers.swift */ = {isa = PBXFileReference; lastKnownFileType = sourcecode.swift; path = ButtonModifiers.swift; sourceTree = "<group>"; };
		F6446F5C26BE70E700EDCAC7 /* GoogleService-Info.plist */ = {isa = PBXFileReference; fileEncoding = 4; lastKnownFileType = text.plist.xml; name = "GoogleService-Info.plist"; path = "../../../Downloads/GoogleService-Info.plist"; sourceTree = "<group>"; };
		F6446F6826BE741B00EDCAC7 /* UserModel.swift */ = {isa = PBXFileReference; lastKnownFileType = sourcecode.swift; path = UserModel.swift; sourceTree = "<group>"; };
		F6446F6A26BE849600EDCAC7 /* Extensions.swift */ = {isa = PBXFileReference; lastKnownFileType = sourcecode.swift; path = Extensions.swift; sourceTree = "<group>"; };
		F6446F6D26BE881B00EDCAC7 /* AuthService.swift */ = {isa = PBXFileReference; lastKnownFileType = sourcecode.swift; path = AuthService.swift; sourceTree = "<group>"; };
		F6446F6F26BE883800EDCAC7 /* StorageService.swift */ = {isa = PBXFileReference; lastKnownFileType = sourcecode.swift; path = StorageService.swift; sourceTree = "<group>"; };
		F6F291A026C7760800E0E081 /* PostModel.swift */ = {isa = PBXFileReference; lastKnownFileType = sourcecode.swift; path = PostModel.swift; sourceTree = "<group>"; };
		F6F291A226C7787A00E0E081 /* PostService.swift */ = {isa = PBXFileReference; lastKnownFileType = sourcecode.swift; path = PostService.swift; sourceTree = "<group>"; };
		F6F51B2D26C7DAEF007AC804 /* ProfileHeader.swift */ = {isa = PBXFileReference; lastKnownFileType = sourcecode.swift; path = ProfileHeader.swift; sourceTree = "<group>"; };
		F6F51B2F26C7E8FD007AC804 /* PostCardService.swift */ = {isa = PBXFileReference; lastKnownFileType = sourcecode.swift; path = PostCardService.swift; sourceTree = "<group>"; };
		F6F51B3126C7ED26007AC804 /* ProfileService.swift */ = {isa = PBXFileReference; lastKnownFileType = sourcecode.swift; path = ProfileService.swift; sourceTree = "<group>"; };
/* End PBXFileReference section */

/* Begin PBXFrameworksBuildPhase section */
		F6446F3A26BE6E4B00EDCAC7 /* Frameworks */ = {
			isa = PBXFrameworksBuildPhase;
			buildActionMask = 2147483647;
			files = (
				F6F51B2C26C7DADA007AC804 /* SDWebImageSwiftUI in Frameworks */,
				F6446F6026BE719300EDCAC7 /* FirebaseStorage in Frameworks */,
				F6446F6226BE719300EDCAC7 /* FirebaseAuth in Frameworks */,
				F6446F6626BE719300EDCAC7 /* FirebaseDatabase in Frameworks */,
				F6446F6426BE719300EDCAC7 /* FirebaseFirestore in Frameworks */,
			);
			runOnlyForDeploymentPostprocessing = 0;
		};
/* End PBXFrameworksBuildPhase section */

/* Begin PBXGroup section */
		F6446F3426BE6E4B00EDCAC7 = {
			isa = PBXGroup;
			children = (
				F6446F3F26BE6E4B00EDCAC7 /* CloneiOSApp */,
				F6446F3E26BE6E4B00EDCAC7 /* Products */,
			);
			sourceTree = "<group>";
		};
		F6446F3E26BE6E4B00EDCAC7 /* Products */ = {
			isa = PBXGroup;
			children = (
				F6446F3D26BE6E4B00EDCAC7 /* CloneiOSApp.app */,
			);
			name = Products;
			sourceTree = "<group>";
		};
		F6446F3F26BE6E4B00EDCAC7 /* CloneiOSApp */ = {
			isa = PBXGroup;
			children = (
				F6446F6C26BE880A00EDCAC7 /* Services */,
				F6446F6726BE740C00EDCAC7 /* Models */,
				F6446F5C26BE70E700EDCAC7 /* GoogleService-Info.plist */,
				F6446F5726BE6F3000EDCAC7 /* Component */,
				F6446F5226BE6E8400EDCAC7 /* Views */,
				F6446F4F26BE6E5F00EDCAC7 /* Utilities */,
				F6446F4026BE6E4B00EDCAC7 /* CloneiOSAppApp.swift */,
				F6446F4226BE6E4B00EDCAC7 /* ContentView.swift */,
				F6446F4426BE6E4B00EDCAC7 /* Assets.xcassets */,
				F6446F4926BE6E4B00EDCAC7 /* Info.plist */,
				F6446F4626BE6E4B00EDCAC7 /* Preview Content */,
			);
			path = CloneiOSApp;
			sourceTree = "<group>";
		};
		F6446F4626BE6E4B00EDCAC7 /* Preview Content */ = {
			isa = PBXGroup;
			children = (
				F6446F4726BE6E4B00EDCAC7 /* Preview Assets.xcassets */,
			);
			path = "Preview Content";
			sourceTree = "<group>";
		};
		F6446F4F26BE6E5F00EDCAC7 /* Utilities */ = {
			isa = PBXGroup;
			children = (
				F6446F5026BE6E6F00EDCAC7 /* ImagePicker.swift */,
				F6446F6A26BE849600EDCAC7 /* Extensions.swift */,
			);
			path = Utilities;
			sourceTree = "<group>";
		};
		F6446F5226BE6E8400EDCAC7 /* Views */ = {
			isa = PBXGroup;
			children = (
				F6446F5326BE6E9800EDCAC7 /* SignInView.swift */,
				F6446F5526BE6EB700EDCAC7 /* SignUp_View.swift */,
				F617050526BF71DD00E1EB8B /* HomeView.swift */,
				F617050726BF81D900E1EB8B /* Search.swift */,
				F617050926BF81FC00E1EB8B /* Post.swift */,
				F617050B26BF822D00E1EB8B /* Notifications.swift */,
				F617050D26BF824800E1EB8B /* Profile.swift */,
				F617050F26BF826700E1EB8B /* Main.swift */,
			);
			path = Views;
			sourceTree = "<group>";
		};
		F6446F5726BE6F3000EDCAC7 /* Component */ = {
			isa = PBXGroup;
			children = (
				F6446F5826BE6F3F00EDCAC7 /* FormField.swift */,
				F6446F5A26BE6F5E00EDCAC7 /* ButtonModifiers.swift */,
				F6F51B2D26C7DAEF007AC804 /* ProfileHeader.swift */,
			);
			path = Component;
			sourceTree = "<group>";
		};
		F6446F6726BE740C00EDCAC7 /* Models */ = {
			isa = PBXGroup;
			children = (
				F6446F6826BE741B00EDCAC7 /* UserModel.swift */,
				F6F291A026C7760800E0E081 /* PostModel.swift */,
			);
			path = Models;
			sourceTree = "<group>";
		};
		F6446F6C26BE880A00EDCAC7 /* Services */ = {
			isa = PBXGroup;
			children = (
				F6446F6D26BE881B00EDCAC7 /* AuthService.swift */,
				F6446F6F26BE883800EDCAC7 /* StorageService.swift */,
				F617050326BF6C2F00E1EB8B /* SessionStore.swift */,
				F6F291A226C7787A00E0E081 /* PostService.swift */,
				F6F51B2F26C7E8FD007AC804 /* PostCardService.swift */,
				F6F51B3126C7ED26007AC804 /* ProfileService.swift */,
			);
			path = Services;
			sourceTree = "<group>";
		};
/* End PBXGroup section */

/* Begin PBXNativeTarget section */
		F6446F3C26BE6E4B00EDCAC7 /* CloneiOSApp */ = {
			isa = PBXNativeTarget;
			buildConfigurationList = F6446F4C26BE6E4B00EDCAC7 /* Build configuration list for PBXNativeTarget "CloneiOSApp" */;
			buildPhases = (
				F6446F3926BE6E4B00EDCAC7 /* Sources */,
				F6446F3A26BE6E4B00EDCAC7 /* Frameworks */,
				F6446F3B26BE6E4B00EDCAC7 /* Resources */,
			);
			buildRules = (
			);
			dependencies = (
			);
			name = CloneiOSApp;
			packageProductDependencies = (
				F6446F5F26BE719300EDCAC7 /* FirebaseStorage */,
				F6446F6126BE719300EDCAC7 /* FirebaseAuth */,
				F6446F6326BE719300EDCAC7 /* FirebaseFirestore */,
				F6446F6526BE719300EDCAC7 /* FirebaseDatabase */,
				F6F51B2B26C7DADA007AC804 /* SDWebImageSwiftUI */,
			);
			productName = CloneiOSApp;
			productReference = F6446F3D26BE6E4B00EDCAC7 /* CloneiOSApp.app */;
			productType = "com.apple.product-type.application";
		};
/* End PBXNativeTarget section */

/* Begin PBXProject section */
		F6446F3526BE6E4B00EDCAC7 /* Project object */ = {
			isa = PBXProject;
			attributes = {
				LastSwiftUpdateCheck = 1250;
				LastUpgradeCheck = 1250;
				TargetAttributes = {
					F6446F3C26BE6E4B00EDCAC7 = {
						CreatedOnToolsVersion = 12.5.1;
					};
				};
			};
			buildConfigurationList = F6446F3826BE6E4B00EDCAC7 /* Build configuration list for PBXProject "CloneiOSApp" */;
			compatibilityVersion = "Xcode 9.3";
			developmentRegion = en;
			hasScannedForEncodings = 0;
			knownRegions = (
				en,
				Base,
			);
			mainGroup = F6446F3426BE6E4B00EDCAC7;
			packageReferences = (
				F6446F5E26BE719300EDCAC7 /* XCRemoteSwiftPackageReference "firebase-ios-sdk" */,
				F6F51B2A26C7DADA007AC804 /* XCRemoteSwiftPackageReference "SDWebImageSwiftUI" */,
			);
			productRefGroup = F6446F3E26BE6E4B00EDCAC7 /* Products */;
			projectDirPath = "";
			projectRoot = "";
			targets = (
				F6446F3C26BE6E4B00EDCAC7 /* CloneiOSApp */,
			);
		};
/* End PBXProject section */

/* Begin PBXResourcesBuildPhase section */
		F6446F3B26BE6E4B00EDCAC7 /* Resources */ = {
			isa = PBXResourcesBuildPhase;
			buildActionMask = 2147483647;
			files = (
				F6446F4826BE6E4B00EDCAC7 /* Preview Assets.xcassets in Resources */,
				F6446F4526BE6E4B00EDCAC7 /* Assets.xcassets in Resources */,
				F6446F5D26BE70E700EDCAC7 /* GoogleService-Info.plist in Resources */,
			);
			runOnlyForDeploymentPostprocessing = 0;
		};
/* End PBXResourcesBuildPhase section */

/* Begin PBXSourcesBuildPhase section */
		F6446F3926BE6E4B00EDCAC7 /* Sources */ = {
			isa = PBXSourcesBuildPhase;
			buildActionMask = 2147483647;
			files = (
				F617051026BF826700E1EB8B /* Main.swift in Sources */,
				F617050E26BF824800E1EB8B /* Profile.swift in Sources */,
				F6446F5B26BE6F5E00EDCAC7 /* ButtonModifiers.swift in Sources */,
				F6446F6B26BE849600EDCAC7 /* Extensions.swift in Sources */,
				F617050626BF71DD00E1EB8B /* HomeView.swift in Sources */,
				F617050A26BF81FC00E1EB8B /* Post.swift in Sources */,
				F6446F5926BE6F3F00EDCAC7 /* FormField.swift in Sources */,
				F6446F6926BE741B00EDCAC7 /* UserModel.swift in Sources */,
				F6F51B3226C7ED26007AC804 /* ProfileService.swift in Sources */,
				F617050426BF6C2F00E1EB8B /* SessionStore.swift in Sources */,
				F6446F5126BE6E6F00EDCAC7 /* ImagePicker.swift in Sources */,
				F617050C26BF822D00E1EB8B /* Notifications.swift in Sources */,
				F6446F5626BE6EB700EDCAC7 /* SignUp_View.swift in Sources */,
				F6446F4326BE6E4B00EDCAC7 /* ContentView.swift in Sources */,
				F6446F6E26BE881B00EDCAC7 /* AuthService.swift in Sources */,
				F6F51B2E26C7DAEF007AC804 /* ProfileHeader.swift in Sources */,
				F6F291A126C7760800E0E081 /* PostModel.swift in Sources */,
				F6F291A326C7787A00E0E081 /* PostService.swift in Sources */,
				F6F51B3026C7E8FD007AC804 /* PostCardService.swift in Sources */,
				F6446F5426BE6E9800EDCAC7 /* SignInView.swift in Sources */,
				F6446F7026BE883800EDCAC7 /* StorageService.swift in Sources */,
				F6446F4126BE6E4B00EDCAC7 /* CloneiOSAppApp.swift in Sources */,
				F617050826BF81D900E1EB8B /* Search.swift in Sources */,
			);
			runOnlyForDeploymentPostprocessing = 0;
		};
/* End PBXSourcesBuildPhase section */

/* Begin XCBuildConfiguration section */
		F6446F4A26BE6E4B00EDCAC7 /* Debug */ = {
			isa = XCBuildConfiguration;
			buildSettings = {
				ALWAYS_SEARCH_USER_PATHS = NO;
				CLANG_ANALYZER_NONNULL = YES;
				CLANG_ANALYZER_NUMBER_OBJECT_CONVERSION = YES_AGGRESSIVE;
				CLANG_CXX_LANGUAGE_STANDARD = "gnu++14";
				CLANG_CXX_LIBRARY = "libc++";
				CLANG_ENABLE_MODULES = YES;
				CLANG_ENABLE_OBJC_ARC = YES;
				CLANG_ENABLE_OBJC_WEAK = YES;
				CLANG_WARN_BLOCK_CAPTURE_AUTORELEASING = YES;
				CLANG_WARN_BOOL_CONVERSION = YES;
				CLANG_WARN_COMMA = YES;
				CLANG_WARN_CONSTANT_CONVERSION = YES;
				CLANG_WARN_DEPRECATED_OBJC_IMPLEMENTATIONS = YES;
				CLANG_WARN_DIRECT_OBJC_ISA_USAGE = YES_ERROR;
				CLANG_WARN_DOCUMENTATION_COMMENTS = YES;
				CLANG_WARN_EMPTY_BODY = YES;
				CLANG_WARN_ENUM_CONVERSION = YES;
				CLANG_WARN_INFINITE_RECURSION = YES;
				CLANG_WARN_INT_CONVERSION = YES;
				CLANG_WARN_NON_LITERAL_NULL_CONVERSION = YES;
				CLANG_WARN_OBJC_IMPLICIT_RETAIN_SELF = YES;
				CLANG_WARN_OBJC_LITERAL_CONVERSION = YES;
				CLANG_WARN_OBJC_ROOT_CLASS = YES_ERROR;
				CLANG_WARN_QUOTED_INCLUDE_IN_FRAMEWORK_HEADER = YES;
				CLANG_WARN_RANGE_LOOP_ANALYSIS = YES;
				CLANG_WARN_STRICT_PROTOTYPES = YES;
				CLANG_WARN_SUSPICIOUS_MOVE = YES;
				CLANG_WARN_UNGUARDED_AVAILABILITY = YES_AGGRESSIVE;
				CLANG_WARN_UNREACHABLE_CODE = YES;
				CLANG_WARN__DUPLICATE_METHOD_MATCH = YES;
				COPY_PHASE_STRIP = NO;
				DEBUG_INFORMATION_FORMAT = dwarf;
				ENABLE_STRICT_OBJC_MSGSEND = YES;
				ENABLE_TESTABILITY = YES;
				GCC_C_LANGUAGE_STANDARD = gnu11;
				GCC_DYNAMIC_NO_PIC = NO;
				GCC_NO_COMMON_BLOCKS = YES;
				GCC_OPTIMIZATION_LEVEL = 0;
				GCC_PREPROCESSOR_DEFINITIONS = (
					"DEBUG=1",
					"$(inherited)",
				);
				GCC_WARN_64_TO_32_BIT_CONVERSION = YES;
				GCC_WARN_ABOUT_RETURN_TYPE = YES_ERROR;
				GCC_WARN_UNDECLARED_SELECTOR = YES;
				GCC_WARN_UNINITIALIZED_AUTOS = YES_AGGRESSIVE;
				GCC_WARN_UNUSED_FUNCTION = YES;
				GCC_WARN_UNUSED_VARIABLE = YES;
				IPHONEOS_DEPLOYMENT_TARGET = 14.5;
				MTL_ENABLE_DEBUG_INFO = INCLUDE_SOURCE;
				MTL_FAST_MATH = YES;
				ONLY_ACTIVE_ARCH = YES;
				SDKROOT = iphoneos;
				SWIFT_ACTIVE_COMPILATION_CONDITIONS = DEBUG;
				SWIFT_OPTIMIZATION_LEVEL = "-Onone";
			};
			name = Debug;
		};
		F6446F4B26BE6E4B00EDCAC7 /* Release */ = {
			isa = XCBuildConfiguration;
			buildSettings = {
				ALWAYS_SEARCH_USER_PATHS = NO;
				CLANG_ANALYZER_NONNULL = YES;
				CLANG_ANALYZER_NUMBER_OBJECT_CONVERSION = YES_AGGRESSIVE;
				CLANG_CXX_LANGUAGE_STANDARD = "gnu++14";
				CLANG_CXX_LIBRARY = "libc++";
				CLANG_ENABLE_MODULES = YES;
				CLANG_ENABLE_OBJC_ARC = YES;
				CLANG_ENABLE_OBJC_WEAK = YES;
				CLANG_WARN_BLOCK_CAPTURE_AUTORELEASING = YES;
				CLANG_WARN_BOOL_CONVERSION = YES;
				CLANG_WARN_COMMA = YES;
				CLANG_WARN_CONSTANT_CONVERSION = YES;
				CLANG_WARN_DEPRECATED_OBJC_IMPLEMENTATIONS = YES;
				CLANG_WARN_DIRECT_OBJC_ISA_USAGE = YES_ERROR;
				CLANG_WARN_DOCUMENTATION_COMMENTS = YES;
				CLANG_WARN_EMPTY_BODY = YES;
				CLANG_WARN_ENUM_CONVERSION = YES;
				CLANG_WARN_INFINITE_RECURSION = YES;
				CLANG_WARN_INT_CONVERSION = YES;
				CLANG_WARN_NON_LITERAL_NULL_CONVERSION = YES;
				CLANG_WARN_OBJC_IMPLICIT_RETAIN_SELF = YES;
				CLANG_WARN_OBJC_LITERAL_CONVERSION = YES;
				CLANG_WARN_OBJC_ROOT_CLASS = YES_ERROR;
				CLANG_WARN_QUOTED_INCLUDE_IN_FRAMEWORK_HEADER = YES;
				CLANG_WARN_RANGE_LOOP_ANALYSIS = YES;
				CLANG_WARN_STRICT_PROTOTYPES = YES;
				CLANG_WARN_SUSPICIOUS_MOVE = YES;
				CLANG_WARN_UNGUARDED_AVAILABILITY = YES_AGGRESSIVE;
				CLANG_WARN_UNREACHABLE_CODE = YES;
				CLANG_WARN__DUPLICATE_METHOD_MATCH = YES;
				COPY_PHASE_STRIP = NO;
				DEBUG_INFORMATION_FORMAT = "dwarf-with-dsym";
				ENABLE_NS_ASSERTIONS = NO;
				ENABLE_STRICT_OBJC_MSGSEND = YES;
				GCC_C_LANGUAGE_STANDARD = gnu11;
				GCC_NO_COMMON_BLOCKS = YES;
				GCC_WARN_64_TO_32_BIT_CONVERSION = YES;
				GCC_WARN_ABOUT_RETURN_TYPE = YES_ERROR;
				GCC_WARN_UNDECLARED_SELECTOR = YES;
				GCC_WARN_UNINITIALIZED_AUTOS = YES_AGGRESSIVE;
				GCC_WARN_UNUSED_FUNCTION = YES;
				GCC_WARN_UNUSED_VARIABLE = YES;
				IPHONEOS_DEPLOYMENT_TARGET = 14.5;
				MTL_ENABLE_DEBUG_INFO = NO;
				MTL_FAST_MATH = YES;
				SDKROOT = iphoneos;
				SWIFT_COMPILATION_MODE = wholemodule;
				SWIFT_OPTIMIZATION_LEVEL = "-O";
				VALIDATE_PRODUCT = YES;
			};
			name = Release;
		};
		F6446F4D26BE6E4B00EDCAC7 /* Debug */ = {
			isa = XCBuildConfiguration;
			buildSettings = {
				ASSETCATALOG_COMPILER_APPICON_NAME = AppIcon;
				ASSETCATALOG_COMPILER_GLOBAL_ACCENT_COLOR_NAME = AccentColor;
				CODE_SIGN_STYLE = Automatic;
				DEVELOPMENT_ASSET_PATHS = "\"CloneiOSApp/Preview Content\"";
				ENABLE_PREVIEWS = YES;
				INFOPLIST_FILE = CloneiOSApp/Info.plist;
				IPHONEOS_DEPLOYMENT_TARGET = 14.0;
				LD_RUNPATH_SEARCH_PATHS = (
					"$(inherited)",
					"@executable_path/Frameworks",
				);
				PRODUCT_BUNDLE_IDENTIFIER = com.justPractice.CloneiOSApp;
				PRODUCT_NAME = "$(TARGET_NAME)";
				SWIFT_VERSION = 5.0;
				TARGETED_DEVICE_FAMILY = "1,2";
			};
			name = Debug;
		};
		F6446F4E26BE6E4B00EDCAC7 /* Release */ = {
			isa = XCBuildConfiguration;
			buildSettings = {
				ASSETCATALOG_COMPILER_APPICON_NAME = AppIcon;
				ASSETCATALOG_COMPILER_GLOBAL_ACCENT_COLOR_NAME = AccentColor;
				CODE_SIGN_STYLE = Automatic;
				DEVELOPMENT_ASSET_PATHS = "\"CloneiOSApp/Preview Content\"";
				ENABLE_PREVIEWS = YES;
				INFOPLIST_FILE = CloneiOSApp/Info.plist;
				IPHONEOS_DEPLOYMENT_TARGET = 14.0;
				LD_RUNPATH_SEARCH_PATHS = (
					"$(inherited)",
					"@executable_path/Frameworks",
				);
				PRODUCT_BUNDLE_IDENTIFIER = com.justPractice.CloneiOSApp;
				PRODUCT_NAME = "$(TARGET_NAME)";
				SWIFT_VERSION = 5.0;
				TARGETED_DEVICE_FAMILY = "1,2";
			};
			name = Release;
		};
/* End XCBuildConfiguration section */

/* Begin XCConfigurationList section */
		F6446F3826BE6E4B00EDCAC7 /* Build configuration list for PBXProject "CloneiOSApp" */ = {
			isa = XCConfigurationList;
			buildConfigurations = (
				F6446F4A26BE6E4B00EDCAC7 /* Debug */,
				F6446F4B26BE6E4B00EDCAC7 /* Release */,
			);
			defaultConfigurationIsVisible = 0;
			defaultConfigurationName = Release;
		};
		F6446F4C26BE6E4B00EDCAC7 /* Build configuration list for PBXNativeTarget "CloneiOSApp" */ = {
			isa = XCConfigurationList;
			buildConfigurations = (
				F6446F4D26BE6E4B00EDCAC7 /* Debug */,
				F6446F4E26BE6E4B00EDCAC7 /* Release */,
			);
			defaultConfigurationIsVisible = 0;
			defaultConfigurationName = Release;
		};
/* End XCConfigurationList section */

/* Begin XCRemoteSwiftPackageReference section */
		F6446F5E26BE719300EDCAC7 /* XCRemoteSwiftPackageReference "firebase-ios-sdk" */ = {
			isa = XCRemoteSwiftPackageReference;
			repositoryURL = "https://github.com/firebase/firebase-ios-sdk.git";
			requirement = {
				kind = upToNextMajorVersion;
				minimumVersion = 8.5.0;
			};
		};
		F6F51B2A26C7DADA007AC804 /* XCRemoteSwiftPackageReference "SDWebImageSwiftUI" */ = {
			isa = XCRemoteSwiftPackageReference;
			repositoryURL = "https://github.com/SDWebImage/SDWebImageSwiftUI.git";
			requirement = {
				kind = upToNextMajorVersion;
				minimumVersion = 2.0.2;
			};
		};
/* End XCRemoteSwiftPackageReference section */

/* Begin XCSwiftPackageProductDependency section */
		F6446F5F26BE719300EDCAC7 /* FirebaseStorage */ = {
			isa = XCSwiftPackageProductDependency;
			package = F6446F5E26BE719300EDCAC7 /* XCRemoteSwiftPackageReference "firebase-ios-sdk" */;
			productName = FirebaseStorage;
		};
		F6446F6126BE719300EDCAC7 /* FirebaseAuth */ = {
			isa = XCSwiftPackageProductDependency;
			package = F6446F5E26BE719300EDCAC7 /* XCRemoteSwiftPackageReference "firebase-ios-sdk" */;
			productName = FirebaseAuth;
		};
		F6446F6326BE719300EDCAC7 /* FirebaseFirestore */ = {
			isa = XCSwiftPackageProductDependency;
			package = F6446F5E26BE719300EDCAC7 /* XCRemoteSwiftPackageReference "firebase-ios-sdk" */;
			productName = FirebaseFirestore;
		};
		F6446F6526BE719300EDCAC7 /* FirebaseDatabase */ = {
			isa = XCSwiftPackageProductDependency;
			package = F6446F5E26BE719300EDCAC7 /* XCRemoteSwiftPackageReference "firebase-ios-sdk" */;
			productName = FirebaseDatabase;
		};
		F6F51B2B26C7DADA007AC804 /* SDWebImageSwiftUI */ = {
			isa = XCSwiftPackageProductDependency;
			package = F6F51B2A26C7DADA007AC804 /* XCRemoteSwiftPackageReference "SDWebImageSwiftUI" */;
			productName = SDWebImageSwiftUI;
		};
/* End XCSwiftPackageProductDependency section */
	};
	rootObject = F6446F3526BE6E4B00EDCAC7 /* Project object */;
}
